// !$*UTF8*$!
{
	archiveVersion = 1;
	classes = {
	};
	objectVersion = 55;
	objects = {

/* Begin PBXBuildFile section */
		0ABC810D28BE32000091AA06 /* SecondCollectionViewCell.swift in Sources */ = {isa = PBXBuildFile; fileRef = 0ABC810C28BE32000091AA06 /* SecondCollectionViewCell.swift */; };
		2A132F1028BD448200032E95 /* CollectionViewCell.swift in Sources */ = {isa = PBXBuildFile; fileRef = 2A132F0F28BD448200032E95 /* CollectionViewCell.swift */; };
		2A77498C28BBF1B20034E631 /* FirstViewController.swift in Sources */ = {isa = PBXBuildFile; fileRef = 2A77498B28BBF1B20034E631 /* FirstViewController.swift */; };
		2A77498E28BBF1CC0034E631 /* SecondViewController.swift in Sources */ = {isa = PBXBuildFile; fileRef = 2A77498D28BBF1CC0034E631 /* SecondViewController.swift */; };
		2A77499028BBF45E0034E631 /* FilmData.swift in Sources */ = {isa = PBXBuildFile; fileRef = 2A77498F28BBF45E0034E631 /* FilmData.swift */; };
		2A77499228BBF5750034E631 /* NetworkManager.swift in Sources */ = {isa = PBXBuildFile; fileRef = 2A77499128BBF5750034E631 /* NetworkManager.swift */; };
		2A77499628BC93140034E631 /* ActorsData.swift in Sources */ = {isa = PBXBuildFile; fileRef = 2A77499528BC93140034E631 /* ActorsData.swift */; };
		2A99722328BCEBA2007E4A61 /* FirstView.swift in Sources */ = {isa = PBXBuildFile; fileRef = 2A99722228BCEBA2007E4A61 /* FirstView.swift */; };
		2A99722528BCED32007E4A61 /* FilmCell.swift in Sources */ = {isa = PBXBuildFile; fileRef = 2A99722428BCED32007E4A61 /* FilmCell.swift */; };
		2AC88DB028BBE39800E12885 /* AppDelegate.swift in Sources */ = {isa = PBXBuildFile; fileRef = 2AC88DAF28BBE39800E12885 /* AppDelegate.swift */; };
		2AC88DB228BBE39800E12885 /* SceneDelegate.swift in Sources */ = {isa = PBXBuildFile; fileRef = 2AC88DB128BBE39800E12885 /* SceneDelegate.swift */; };
		2AC88DB928BBE39A00E12885 /* Assets.xcassets in Resources */ = {isa = PBXBuildFile; fileRef = 2AC88DB828BBE39A00E12885 /* Assets.xcassets */; };
		2AC88DBC28BBE39A00E12885 /* LaunchScreen.storyboard in Resources */ = {isa = PBXBuildFile; fileRef = 2AC88DBA28BBE39A00E12885 /* LaunchScreen.storyboard */; };
		7768981928BE3DA100C854E9 /* FilmDescriptionData.swift in Sources */ = {isa = PBXBuildFile; fileRef = 7768981828BE3DA100C854E9 /* FilmDescriptionData.swift */; };
		7768981B28BE67A300C854E9 /* FilmsAPIClient.swift in Sources */ = {isa = PBXBuildFile; fileRef = 7768981A28BE67A300C854E9 /* FilmsAPIClient.swift */; };
		7768983D28C0B7E600C854E9 /* SecondView.swift in Sources */ = {isa = PBXBuildFile; fileRef = 7768983C28C0B7E600C854E9 /* SecondView.swift */; };
		7768984228C109CC00C854E9 /* UIView+Constraints.swift in Sources */ = {isa = PBXBuildFile; fileRef = 7768984128C109CC00C854E9 /* UIView+Constraints.swift */; };
		7768984828C4D46800C854E9 /* FavoriteMovieData.swift in Sources */ = {isa = PBXBuildFile; fileRef = 7768984728C4D46800C854E9 /* FavoriteMovieData.swift */; };
		7768984A28C4DD1200C854E9 /* SaveData.swift in Sources */ = {isa = PBXBuildFile; fileRef = 7768984928C4DD1200C854E9 /* SaveData.swift */; };
		7768984D28C4E21E00C854E9 /* CodableStorage.swift in Sources */ = {isa = PBXBuildFile; fileRef = 7768984C28C4E21E00C854E9 /* CodableStorage.swift */; };
		A07A15E632BB1AF927E06B9B /* Pods_Challenge2.framework in Frameworks */ = {isa = PBXBuildFile; fileRef = 5600C75E4192CE29E37A4AB5 /* Pods_Challenge2.framework */; };
/* End PBXBuildFile section */

/* Begin PBXFileReference section */
		0ABC810C28BE32000091AA06 /* SecondCollectionViewCell.swift */ = {isa = PBXFileReference; lastKnownFileType = sourcecode.swift; path = SecondCollectionViewCell.swift; sourceTree = "<group>"; };
		2A132F0F28BD448200032E95 /* CollectionViewCell.swift */ = {isa = PBXFileReference; lastKnownFileType = sourcecode.swift; path = CollectionViewCell.swift; sourceTree = "<group>"; };
		2A77498B28BBF1B20034E631 /* FirstViewController.swift */ = {isa = PBXFileReference; lastKnownFileType = sourcecode.swift; path = FirstViewController.swift; sourceTree = "<group>"; };
		2A77498D28BBF1CC0034E631 /* SecondViewController.swift */ = {isa = PBXFileReference; lastKnownFileType = sourcecode.swift; path = SecondViewController.swift; sourceTree = "<group>"; };
		2A77498F28BBF45E0034E631 /* FilmData.swift */ = {isa = PBXFileReference; lastKnownFileType = sourcecode.swift; path = FilmData.swift; sourceTree = "<group>"; };
		2A77499128BBF5750034E631 /* NetworkManager.swift */ = {isa = PBXFileReference; lastKnownFileType = sourcecode.swift; path = NetworkManager.swift; sourceTree = "<group>"; };
		2A77499528BC93140034E631 /* ActorsData.swift */ = {isa = PBXFileReference; lastKnownFileType = sourcecode.swift; path = ActorsData.swift; sourceTree = "<group>"; };
		2A99722228BCEBA2007E4A61 /* FirstView.swift */ = {isa = PBXFileReference; lastKnownFileType = sourcecode.swift; path = FirstView.swift; sourceTree = "<group>"; };
		2A99722428BCED32007E4A61 /* FilmCell.swift */ = {isa = PBXFileReference; lastKnownFileType = sourcecode.swift; path = FilmCell.swift; sourceTree = "<group>"; };
		2AC88DAC28BBE39800E12885 /* Challenge2.app */ = {isa = PBXFileReference; explicitFileType = wrapper.application; includeInIndex = 0; path = Challenge2.app; sourceTree = BUILT_PRODUCTS_DIR; };
		2AC88DAF28BBE39800E12885 /* AppDelegate.swift */ = {isa = PBXFileReference; lastKnownFileType = sourcecode.swift; path = AppDelegate.swift; sourceTree = "<group>"; };
		2AC88DB128BBE39800E12885 /* SceneDelegate.swift */ = {isa = PBXFileReference; lastKnownFileType = sourcecode.swift; path = SceneDelegate.swift; sourceTree = "<group>"; };
		2AC88DB828BBE39A00E12885 /* Assets.xcassets */ = {isa = PBXFileReference; lastKnownFileType = folder.assetcatalog; path = Assets.xcassets; sourceTree = "<group>"; };
		2AC88DBB28BBE39A00E12885 /* Base */ = {isa = PBXFileReference; lastKnownFileType = file.storyboard; name = Base; path = Base.lproj/LaunchScreen.storyboard; sourceTree = "<group>"; };
		2AC88DBD28BBE39A00E12885 /* Info.plist */ = {isa = PBXFileReference; lastKnownFileType = text.plist.xml; path = Info.plist; sourceTree = "<group>"; };
		3481E2EEF3D876954261C5D6 /* Pods-Challenge2.release.xcconfig */ = {isa = PBXFileReference; includeInIndex = 1; lastKnownFileType = text.xcconfig; name = "Pods-Challenge2.release.xcconfig"; path = "Target Support Files/Pods-Challenge2/Pods-Challenge2.release.xcconfig"; sourceTree = "<group>"; };
		5600C75E4192CE29E37A4AB5 /* Pods_Challenge2.framework */ = {isa = PBXFileReference; explicitFileType = wrapper.framework; includeInIndex = 0; path = Pods_Challenge2.framework; sourceTree = BUILT_PRODUCTS_DIR; };
		7768981828BE3DA100C854E9 /* FilmDescriptionData.swift */ = {isa = PBXFileReference; lastKnownFileType = sourcecode.swift; path = FilmDescriptionData.swift; sourceTree = "<group>"; };
		7768981A28BE67A300C854E9 /* FilmsAPIClient.swift */ = {isa = PBXFileReference; lastKnownFileType = sourcecode.swift; path = FilmsAPIClient.swift; sourceTree = "<group>"; };
		7768983C28C0B7E600C854E9 /* SecondView.swift */ = {isa = PBXFileReference; lastKnownFileType = sourcecode.swift; path = SecondView.swift; sourceTree = "<group>"; };
		7768984128C109CC00C854E9 /* UIView+Constraints.swift */ = {isa = PBXFileReference; fileEncoding = 4; lastKnownFileType = sourcecode.swift; path = "UIView+Constraints.swift"; sourceTree = "<group>"; };
		7768984728C4D46800C854E9 /* FavoriteMovieData.swift */ = {isa = PBXFileReference; fileEncoding = 4; lastKnownFileType = sourcecode.swift; path = FavoriteMovieData.swift; sourceTree = "<group>"; };
		7768984928C4DD1200C854E9 /* SaveData.swift */ = {isa = PBXFileReference; lastKnownFileType = sourcecode.swift; path = SaveData.swift; sourceTree = "<group>"; };
		7768984C28C4E21E00C854E9 /* CodableStorage.swift */ = {isa = PBXFileReference; lastKnownFileType = sourcecode.swift; path = CodableStorage.swift; sourceTree = "<group>"; };
		C2A1F5EE6CD2470A6817688B /* Pods-Challenge2.debug.xcconfig */ = {isa = PBXFileReference; includeInIndex = 1; lastKnownFileType = text.xcconfig; name = "Pods-Challenge2.debug.xcconfig"; path = "Target Support Files/Pods-Challenge2/Pods-Challenge2.debug.xcconfig"; sourceTree = "<group>"; };
/* End PBXFileReference section */

/* Begin PBXFrameworksBuildPhase section */
		2AC88DA928BBE39800E12885 /* Frameworks */ = {
			isa = PBXFrameworksBuildPhase;
			buildActionMask = 2147483647;
			files = (
				A07A15E632BB1AF927E06B9B /* Pods_Challenge2.framework in Frameworks */,
			);
			runOnlyForDeploymentPostprocessing = 0;
		};
/* End PBXFrameworksBuildPhase section */

/* Begin PBXGroup section */
		2A77498828BBF0530034E631 /* Model */ = {
			isa = PBXGroup;
			children = (
				2A77498F28BBF45E0034E631 /* FilmData.swift */,
				7768981828BE3DA100C854E9 /* FilmDescriptionData.swift */,
				2A77499528BC93140034E631 /* ActorsData.swift */,
				7768984728C4D46800C854E9 /* FavoriteMovieData.swift */,
				2A77499128BBF5750034E631 /* NetworkManager.swift */,
				7768981A28BE67A300C854E9 /* FilmsAPIClient.swift */,
			);
			path = Model;
			sourceTree = "<group>";
		};
		2A77498A28BBF0830034E631 /* Controller */ = {
			isa = PBXGroup;
			children = (
				2A77498B28BBF1B20034E631 /* FirstViewController.swift */,
				2A77498D28BBF1CC0034E631 /* SecondViewController.swift */,
			);
			path = Controller;
			sourceTree = "<group>";
		};
		2A99722128BCEB8A007E4A61 /* View */ = {
			isa = PBXGroup;
			children = (
				2A99722228BCEBA2007E4A61 /* FirstView.swift */,
				7768983C28C0B7E600C854E9 /* SecondView.swift */,
				2A99722428BCED32007E4A61 /* FilmCell.swift */,
				2A132F0F28BD448200032E95 /* CollectionViewCell.swift */,
				0ABC810C28BE32000091AA06 /* SecondCollectionViewCell.swift */,
			);
			path = View;
			sourceTree = "<group>";
		};
		2AC88DA328BBE39800E12885 = {
			isa = PBXGroup;
			children = (
				2AC88DAE28BBE39800E12885 /* Challenge2 */,
				2AC88DAD28BBE39800E12885 /* Products */,
				9EAD072FB2ECC35C355C955A /* Pods */,
				B35F4C01877FCB83D5FD6C79 /* Frameworks */,
			);
			sourceTree = "<group>";
		};
		2AC88DAD28BBE39800E12885 /* Products */ = {
			isa = PBXGroup;
			children = (
				2AC88DAC28BBE39800E12885 /* Challenge2.app */,
			);
			name = Products;
			sourceTree = "<group>";
		};
		2AC88DAE28BBE39800E12885 /* Challenge2 */ = {
			isa = PBXGroup;
			children = (
				2AC88DAF28BBE39800E12885 /* AppDelegate.swift */,
				2AC88DB128BBE39800E12885 /* SceneDelegate.swift */,
				7768984128C109CC00C854E9 /* UIView+Constraints.swift */,
				7768984B28C4E20600C854E9 /* Storage */,
				2A77498828BBF0530034E631 /* Model */,
				2A99722128BCEB8A007E4A61 /* View */,
				2A77498A28BBF0830034E631 /* Controller */,
				2AC88DB828BBE39A00E12885 /* Assets.xcassets */,
				2AC88DBA28BBE39A00E12885 /* LaunchScreen.storyboard */,
				2AC88DBD28BBE39A00E12885 /* Info.plist */,
			);
			path = Challenge2;
			sourceTree = "<group>";
		};
		7768984B28C4E20600C854E9 /* Storage */ = {
			isa = PBXGroup;
			children = (
				7768984928C4DD1200C854E9 /* SaveData.swift */,
				7768984C28C4E21E00C854E9 /* CodableStorage.swift */,
			);
			path = Storage;
			sourceTree = "<group>";
		};
		9EAD072FB2ECC35C355C955A /* Pods */ = {
			isa = PBXGroup;
			children = (
				C2A1F5EE6CD2470A6817688B /* Pods-Challenge2.debug.xcconfig */,
				3481E2EEF3D876954261C5D6 /* Pods-Challenge2.release.xcconfig */,
			);
			path = Pods;
			sourceTree = "<group>";
		};
		B35F4C01877FCB83D5FD6C79 /* Frameworks */ = {
			isa = PBXGroup;
			children = (
				5600C75E4192CE29E37A4AB5 /* Pods_Challenge2.framework */,
			);
			name = Frameworks;
			sourceTree = "<group>";
		};
/* End PBXGroup section */

/* Begin PBXNativeTarget section */
		2AC88DAB28BBE39800E12885 /* Challenge2 */ = {
			isa = PBXNativeTarget;
			buildConfigurationList = 2AC88DC028BBE39A00E12885 /* Build configuration list for PBXNativeTarget "Challenge2" */;
			buildPhases = (
				15C44850E29589B6038DA9B5 /* [CP] Check Pods Manifest.lock */,
				2AC88DA828BBE39800E12885 /* Sources */,
				2AC88DA928BBE39800E12885 /* Frameworks */,
				2AC88DAA28BBE39800E12885 /* Resources */,
				5F8447131003FF5011A18464 /* [CP] Embed Pods Frameworks */,
			);
			buildRules = (
			);
			dependencies = (
			);
			name = Challenge2;
			productName = Challenge2;
			productReference = 2AC88DAC28BBE39800E12885 /* Challenge2.app */;
			productType = "com.apple.product-type.application";
		};
/* End PBXNativeTarget section */

/* Begin PBXProject section */
		2AC88DA428BBE39800E12885 /* Project object */ = {
			isa = PBXProject;
			attributes = {
				BuildIndependentTargetsInParallel = 1;
				LastSwiftUpdateCheck = 1320;
				LastUpgradeCheck = 1320;
				TargetAttributes = {
					2AC88DAB28BBE39800E12885 = {
						CreatedOnToolsVersion = 13.2.1;
					};
				};
			};
			buildConfigurationList = 2AC88DA728BBE39800E12885 /* Build configuration list for PBXProject "Challenge2" */;
			compatibilityVersion = "Xcode 13.0";
			developmentRegion = en;
			hasScannedForEncodings = 0;
			knownRegions = (
				en,
				Base,
			);
			mainGroup = 2AC88DA328BBE39800E12885;
			productRefGroup = 2AC88DAD28BBE39800E12885 /* Products */;
			projectDirPath = "";
			projectRoot = "";
			targets = (
				2AC88DAB28BBE39800E12885 /* Challenge2 */,
			);
		};
/* End PBXProject section */

/* Begin PBXResourcesBuildPhase section */
		2AC88DAA28BBE39800E12885 /* Resources */ = {
			isa = PBXResourcesBuildPhase;
			buildActionMask = 2147483647;
			files = (
				2AC88DBC28BBE39A00E12885 /* LaunchScreen.storyboard in Resources */,
				2AC88DB928BBE39A00E12885 /* Assets.xcassets in Resources */,
			);
			runOnlyForDeploymentPostprocessing = 0;
		};
/* End PBXResourcesBuildPhase section */

/* Begin PBXShellScriptBuildPhase section */
		15C44850E29589B6038DA9B5 /* [CP] Check Pods Manifest.lock */ = {
			isa = PBXShellScriptBuildPhase;
			buildActionMask = 2147483647;
			files = (
			);
			inputFileListPaths = (
			);
			inputPaths = (
				"${PODS_PODFILE_DIR_PATH}/Podfile.lock",
				"${PODS_ROOT}/Manifest.lock",
			);
			name = "[CP] Check Pods Manifest.lock";
			outputFileListPaths = (
			);
			outputPaths = (
				"$(DERIVED_FILE_DIR)/Pods-Challenge2-checkManifestLockResult.txt",
			);
			runOnlyForDeploymentPostprocessing = 0;
			shellPath = /bin/sh;
			shellScript = "diff \"${PODS_PODFILE_DIR_PATH}/Podfile.lock\" \"${PODS_ROOT}/Manifest.lock\" > /dev/null\nif [ $? != 0 ] ; then\n    # print error to STDERR\n    echo \"error: The sandbox is not in sync with the Podfile.lock. Run 'pod install' or update your CocoaPods installation.\" >&2\n    exit 1\nfi\n# This output is used by Xcode 'outputs' to avoid re-running this script phase.\necho \"SUCCESS\" > \"${SCRIPT_OUTPUT_FILE_0}\"\n";
			showEnvVarsInLog = 0;
		};
		5F8447131003FF5011A18464 /* [CP] Embed Pods Frameworks */ = {
			isa = PBXShellScriptBuildPhase;
			buildActionMask = 2147483647;
			files = (
			);
			inputFileListPaths = (
				"${PODS_ROOT}/Target Support Files/Pods-Challenge2/Pods-Challenge2-frameworks-${CONFIGURATION}-input-files.xcfilelist",
			);
			name = "[CP] Embed Pods Frameworks";
			outputFileListPaths = (
				"${PODS_ROOT}/Target Support Files/Pods-Challenge2/Pods-Challenge2-frameworks-${CONFIGURATION}-output-files.xcfilelist",
			);
			runOnlyForDeploymentPostprocessing = 0;
			shellPath = /bin/sh;
			shellScript = "\"${PODS_ROOT}/Target Support Files/Pods-Challenge2/Pods-Challenge2-frameworks.sh\"\n";
			showEnvVarsInLog = 0;
		};
/* End PBXShellScriptBuildPhase section */

/* Begin PBXSourcesBuildPhase section */
		2AC88DA828BBE39800E12885 /* Sources */ = {
			isa = PBXSourcesBuildPhase;
			buildActionMask = 2147483647;
			files = (
				7768984A28C4DD1200C854E9 /* SaveData.swift in Sources */,
				0ABC810D28BE32000091AA06 /* SecondCollectionViewCell.swift in Sources */,
				2A77499628BC93140034E631 /* ActorsData.swift in Sources */,
				2AC88DB028BBE39800E12885 /* AppDelegate.swift in Sources */,
				2AC88DB228BBE39800E12885 /* SceneDelegate.swift in Sources */,
				2A77499228BBF5750034E631 /* NetworkManager.swift in Sources */,
				7768983D28C0B7E600C854E9 /* SecondView.swift in Sources */,
				2A77498E28BBF1CC0034E631 /* SecondViewController.swift in Sources */,
				2A132F1028BD448200032E95 /* CollectionViewCell.swift in Sources */,
				7768981928BE3DA100C854E9 /* FilmDescriptionData.swift in Sources */,
				7768984D28C4E21E00C854E9 /* CodableStorage.swift in Sources */,
				2A77498C28BBF1B20034E631 /* FirstViewController.swift in Sources */,
				2A99722328BCEBA2007E4A61 /* FirstView.swift in Sources */,
				2A77499028BBF45E0034E631 /* FilmData.swift in Sources */,
				7768984828C4D46800C854E9 /* FavoriteMovieData.swift in Sources */,
				7768981B28BE67A300C854E9 /* FilmsAPIClient.swift in Sources */,
				2A99722528BCED32007E4A61 /* FilmCell.swift in Sources */,
				7768984228C109CC00C854E9 /* UIView+Constraints.swift in Sources */,
			);
			runOnlyForDeploymentPostprocessing = 0;
		};
/* End PBXSourcesBuildPhase section */

/* Begin PBXVariantGroup section */
		2AC88DBA28BBE39A00E12885 /* LaunchScreen.storyboard */ = {
			isa = PBXVariantGroup;
			children = (
				2AC88DBB28BBE39A00E12885 /* Base */,
			);
			name = LaunchScreen.storyboard;
			sourceTree = "<group>";
		};
/* End PBXVariantGroup section */

/* Begin XCBuildConfiguration section */
		2AC88DBE28BBE39A00E12885 /* Debug */ = {
			isa = XCBuildConfiguration;
			buildSettings = {
				ALWAYS_SEARCH_USER_PATHS = NO;
				CLANG_ANALYZER_NONNULL = YES;
				CLANG_ANALYZER_NUMBER_OBJECT_CONVERSION = YES_AGGRESSIVE;
				CLANG_CXX_LANGUAGE_STANDARD = "gnu++17";
				CLANG_CXX_LIBRARY = "libc++";
				CLANG_ENABLE_MODULES = YES;
				CLANG_ENABLE_OBJC_ARC = YES;
				CLANG_ENABLE_OBJC_WEAK = YES;
				CLANG_WARN_BLOCK_CAPTURE_AUTORELEASING = YES;
				CLANG_WARN_BOOL_CONVERSION = YES;
				CLANG_WARN_COMMA = YES;
				CLANG_WARN_CONSTANT_CONVERSION = YES;
				CLANG_WARN_DEPRECATED_OBJC_IMPLEMENTATIONS = YES;
				CLANG_WARN_DIRECT_OBJC_ISA_USAGE = YES_ERROR;
				CLANG_WARN_DOCUMENTATION_COMMENTS = YES;
				CLANG_WARN_EMPTY_BODY = YES;
				CLANG_WARN_ENUM_CONVERSION = YES;
				CLANG_WARN_INFINITE_RECURSION = YES;
				CLANG_WARN_INT_CONVERSION = YES;
				CLANG_WARN_NON_LITERAL_NULL_CONVERSION = YES;
				CLANG_WARN_OBJC_IMPLICIT_RETAIN_SELF = YES;
				CLANG_WARN_OBJC_LITERAL_CONVERSION = YES;
				CLANG_WARN_OBJC_ROOT_CLASS = YES_ERROR;
				CLANG_WARN_QUOTED_INCLUDE_IN_FRAMEWORK_HEADER = YES;
				CLANG_WARN_RANGE_LOOP_ANALYSIS = YES;
				CLANG_WARN_STRICT_PROTOTYPES = YES;
				CLANG_WARN_SUSPICIOUS_MOVE = YES;
				CLANG_WARN_UNGUARDED_AVAILABILITY = YES_AGGRESSIVE;
				CLANG_WARN_UNREACHABLE_CODE = YES;
				CLANG_WARN__DUPLICATE_METHOD_MATCH = YES;
				COPY_PHASE_STRIP = NO;
				DEBUG_INFORMATION_FORMAT = dwarf;
				ENABLE_STRICT_OBJC_MSGSEND = YES;
				ENABLE_TESTABILITY = YES;
				GCC_C_LANGUAGE_STANDARD = gnu11;
				GCC_DYNAMIC_NO_PIC = NO;
				GCC_NO_COMMON_BLOCKS = YES;
				GCC_OPTIMIZATION_LEVEL = 0;
				GCC_PREPROCESSOR_DEFINITIONS = (
					"DEBUG=1",
					"$(inherited)",
				);
				GCC_WARN_64_TO_32_BIT_CONVERSION = YES;
				GCC_WARN_ABOUT_RETURN_TYPE = YES_ERROR;
				GCC_WARN_UNDECLARED_SELECTOR = YES;
				GCC_WARN_UNINITIALIZED_AUTOS = YES_AGGRESSIVE;
				GCC_WARN_UNUSED_FUNCTION = YES;
				GCC_WARN_UNUSED_VARIABLE = YES;
				IPHONEOS_DEPLOYMENT_TARGET = 15.2;
				MTL_ENABLE_DEBUG_INFO = INCLUDE_SOURCE;
				MTL_FAST_MATH = YES;
				ONLY_ACTIVE_ARCH = YES;
				SDKROOT = iphoneos;
				SWIFT_ACTIVE_COMPILATION_CONDITIONS = DEBUG;
				SWIFT_OPTIMIZATION_LEVEL = "-Onone";
			};
			name = Debug;
		};
		2AC88DBF28BBE39A00E12885 /* Release */ = {
			isa = XCBuildConfiguration;
			buildSettings = {
				ALWAYS_SEARCH_USER_PATHS = NO;
				CLANG_ANALYZER_NONNULL = YES;
				CLANG_ANALYZER_NUMBER_OBJECT_CONVERSION = YES_AGGRESSIVE;
				CLANG_CXX_LANGUAGE_STANDARD = "gnu++17";
				CLANG_CXX_LIBRARY = "libc++";
				CLANG_ENABLE_MODULES = YES;
				CLANG_ENABLE_OBJC_ARC = YES;
				CLANG_ENABLE_OBJC_WEAK = YES;
				CLANG_WARN_BLOCK_CAPTURE_AUTORELEASING = YES;
				CLANG_WARN_BOOL_CONVERSION = YES;
				CLANG_WARN_COMMA = YES;
				CLANG_WARN_CONSTANT_CONVERSION = YES;
				CLANG_WARN_DEPRECATED_OBJC_IMPLEMENTATIONS = YES;
				CLANG_WARN_DIRECT_OBJC_ISA_USAGE = YES_ERROR;
				CLANG_WARN_DOCUMENTATION_COMMENTS = YES;
				CLANG_WARN_EMPTY_BODY = YES;
				CLANG_WARN_ENUM_CONVERSION = YES;
				CLANG_WARN_INFINITE_RECURSION = YES;
				CLANG_WARN_INT_CONVERSION = YES;
				CLANG_WARN_NON_LITERAL_NULL_CONVERSION = YES;
				CLANG_WARN_OBJC_IMPLICIT_RETAIN_SELF = YES;
				CLANG_WARN_OBJC_LITERAL_CONVERSION = YES;
				CLANG_WARN_OBJC_ROOT_CLASS = YES_ERROR;
				CLANG_WARN_QUOTED_INCLUDE_IN_FRAMEWORK_HEADER = YES;
				CLANG_WARN_RANGE_LOOP_ANALYSIS = YES;
				CLANG_WARN_STRICT_PROTOTYPES = YES;
				CLANG_WARN_SUSPICIOUS_MOVE = YES;
				CLANG_WARN_UNGUARDED_AVAILABILITY = YES_AGGRESSIVE;
				CLANG_WARN_UNREACHABLE_CODE = YES;
				CLANG_WARN__DUPLICATE_METHOD_MATCH = YES;
				COPY_PHASE_STRIP = NO;
				DEBUG_INFORMATION_FORMAT = "dwarf-with-dsym";
				ENABLE_NS_ASSERTIONS = NO;
				ENABLE_STRICT_OBJC_MSGSEND = YES;
				GCC_C_LANGUAGE_STANDARD = gnu11;
				GCC_NO_COMMON_BLOCKS = YES;
				GCC_WARN_64_TO_32_BIT_CONVERSION = YES;
				GCC_WARN_ABOUT_RETURN_TYPE = YES_ERROR;
				GCC_WARN_UNDECLARED_SELECTOR = YES;
				GCC_WARN_UNINITIALIZED_AUTOS = YES_AGGRESSIVE;
				GCC_WARN_UNUSED_FUNCTION = YES;
				GCC_WARN_UNUSED_VARIABLE = YES;
				IPHONEOS_DEPLOYMENT_TARGET = 15.2;
				MTL_ENABLE_DEBUG_INFO = NO;
				MTL_FAST_MATH = YES;
				SDKROOT = iphoneos;
				SWIFT_COMPILATION_MODE = wholemodule;
				SWIFT_OPTIMIZATION_LEVEL = "-O";
				VALIDATE_PRODUCT = YES;
			};
			name = Release;
		};
		2AC88DC128BBE39A00E12885 /* Debug */ = {
			isa = XCBuildConfiguration;
			baseConfigurationReference = C2A1F5EE6CD2470A6817688B /* Pods-Challenge2.debug.xcconfig */;
			buildSettings = {
				ASSETCATALOG_COMPILER_APPICON_NAME = AppIcon;
				ASSETCATALOG_COMPILER_GLOBAL_ACCENT_COLOR_NAME = AccentColor;
				CODE_SIGN_STYLE = Automatic;
				CURRENT_PROJECT_VERSION = 1;
				GENERATE_INFOPLIST_FILE = YES;
				INFOPLIST_FILE = Challenge2/Info.plist;
				INFOPLIST_KEY_UIApplicationSupportsIndirectInputEvents = YES;
				INFOPLIST_KEY_UILaunchStoryboardName = LaunchScreen;
				INFOPLIST_KEY_UISupportedInterfaceOrientations_iPad = "UIInterfaceOrientationPortrait UIInterfaceOrientationPortraitUpsideDown UIInterfaceOrientationLandscapeLeft UIInterfaceOrientationLandscapeRight";
				INFOPLIST_KEY_UISupportedInterfaceOrientations_iPhone = "UIInterfaceOrientationPortrait UIInterfaceOrientationLandscapeLeft UIInterfaceOrientationLandscapeRight";
				LD_RUNPATH_SEARCH_PATHS = (
					"$(inherited)",
					"@executable_path/Frameworks",
				);
				MARKETING_VERSION = 1.0;
				PRODUCT_BUNDLE_IDENTIFIER = com.tatyanasidoryuk.Challenge2;
				PRODUCT_NAME = "$(TARGET_NAME)";
				SWIFT_EMIT_LOC_STRINGS = YES;
				SWIFT_VERSION = 5.0;
				TARGETED_DEVICE_FAMILY = "1,2";
			};
			name = Debug;
		};
		2AC88DC228BBE39A00E12885 /* Release */ = {
			isa = XCBuildConfiguration;
			baseConfigurationReference = 3481E2EEF3D876954261C5D6 /* Pods-Challenge2.release.xcconfig */;
			buildSettings = {
				ASSETCATALOG_COMPILER_APPICON_NAME = AppIcon;
				ASSETCATALOG_COMPILER_GLOBAL_ACCENT_COLOR_NAME = AccentColor;
				CODE_SIGN_STYLE = Automatic;
				CURRENT_PROJECT_VERSION = 1;
				GENERATE_INFOPLIST_FILE = YES;
				INFOPLIST_FILE = Challenge2/Info.plist;
				INFOPLIST_KEY_UIApplicationSupportsIndirectInputEvents = YES;
				INFOPLIST_KEY_UILaunchStoryboardName = LaunchScreen;
				INFOPLIST_KEY_UISupportedInterfaceOrientations_iPad = "UIInterfaceOrientationPortrait UIInterfaceOrientationPortraitUpsideDown UIInterfaceOrientationLandscapeLeft UIInterfaceOrientationLandscapeRight";
				INFOPLIST_KEY_UISupportedInterfaceOrientations_iPhone = "UIInterfaceOrientationPortrait UIInterfaceOrientationLandscapeLeft UIInterfaceOrientationLandscapeRight";
				LD_RUNPATH_SEARCH_PATHS = (
					"$(inherited)",
					"@executable_path/Frameworks",
				);
				MARKETING_VERSION = 1.0;
				PRODUCT_BUNDLE_IDENTIFIER = com.tatyanasidoryuk.Challenge2;
				PRODUCT_NAME = "$(TARGET_NAME)";
				SWIFT_EMIT_LOC_STRINGS = YES;
				SWIFT_VERSION = 5.0;
				TARGETED_DEVICE_FAMILY = "1,2";
			};
			name = Release;
		};
/* End XCBuildConfiguration section */

/* Begin XCConfigurationList section */
		2AC88DA728BBE39800E12885 /* Build configuration list for PBXProject "Challenge2" */ = {
			isa = XCConfigurationList;
			buildConfigurations = (
				2AC88DBE28BBE39A00E12885 /* Debug */,
				2AC88DBF28BBE39A00E12885 /* Release */,
			);
			defaultConfigurationIsVisible = 0;
			defaultConfigurationName = Release;
		};
		2AC88DC028BBE39A00E12885 /* Build configuration list for PBXNativeTarget "Challenge2" */ = {
			isa = XCConfigurationList;
			buildConfigurations = (
				2AC88DC128BBE39A00E12885 /* Debug */,
				2AC88DC228BBE39A00E12885 /* Release */,
			);
			defaultConfigurationIsVisible = 0;
			defaultConfigurationName = Release;
		};
/* End XCConfigurationList section */
	};
	rootObject = 2AC88DA428BBE39800E12885 /* Project object */;
}
